
Microsoft Visual Studio Solution File, Format Version 12.00
# Visual Studio 2015
Project("{FAE04EC0-301F-11D3-BF4B-00C04F79EFBC}") = "Last Hope Prototype.CSharp.Plugins", "Last Hope Prototype.CSharp.Plugins.csproj", "{8A113569-9108-2D08-9B18-74628CE4C418}"
EndProject
Project("{FAE04EC0-301F-11D3-BF4B-00C04F79EFBC}") = "Last Hope Prototype.CSharp", "Last Hope Prototype.CSharp.csproj", "{4646DCF9-1818-2FDF-B7D6-183996F1551C}"
EndProject
Project("{FAE04EC0-301F-11D3-BF4B-00C04F79EFBC}") = "Last Hope Prototype.CSharp.Editor.Plugins", "Last Hope Prototype.CSharp.Editor.Plugins.csproj", "{0E8C359D-88AB-E762-A35E-55AE13C60945}"
EndProject
Project("{FAE04EC0-301F-11D3-BF4B-00C04F79EFBC}") = "Last Hope Prototype.CSharp.Editor", "Last Hope Prototype.CSharp.Editor.csproj", "{71DB317D-689C-E1ED-2563-64B01E0E9A43}"
EndProject
Global
	GlobalSection(SolutionConfigurationPlatforms) = preSolution
		Debug|Any CPU = Debug|Any CPU
		Release|Any CPU = Release|Any CPU
	EndGlobalSection
	GlobalSection(ProjectConfigurationPlatforms) = postSolution
		{8A113569-9108-2D08-9B18-74628CE4C418}.Debug|Any CPU.ActiveCfg = Debug|Any CPU
		{8A113569-9108-2D08-9B18-74628CE4C418}.Debug|Any CPU.Build.0 = Debug|Any CPU
		{8A113569-9108-2D08-9B18-74628CE4C418}.Release|Any CPU.ActiveCfg = Release|Any CPU
		{8A113569-9108-2D08-9B18-74628CE4C418}.Release|Any CPU.Build.0 = Release|Any CPU
		{4646DCF9-1818-2FDF-B7D6-183996F1551C}.Debug|Any CPU.ActiveCfg = Debug|Any CPU
		{4646DCF9-1818-2FDF-B7D6-183996F1551C}.Debug|Any CPU.Build.0 = Debug|Any CPU
		{4646DCF9-1818-2FDF-B7D6-183996F1551C}.Release|Any CPU.ActiveCfg = Release|Any CPU
		{4646DCF9-1818-2FDF-B7D6-183996F1551C}.Release|Any CPU.Build.0 = Release|Any CPU
		{0E8C359D-88AB-E762-A35E-55AE13C60945}.Debug|Any CPU.ActiveCfg = Debug|Any CPU
		{0E8C359D-88AB-E762-A35E-55AE13C60945}.Debug|Any CPU.Build.0 = Debug|Any CPU
		{0E8C359D-88AB-E762-A35E-55AE13C60945}.Release|Any CPU.ActiveCfg = Release|Any CPU
		{0E8C359D-88AB-E762-A35E-55AE13C60945}.Release|Any CPU.Build.0 = Release|Any CPU
		{71DB317D-689C-E1ED-2563-64B01E0E9A43}.Debug|Any CPU.ActiveCfg = Debug|Any CPU
		{71DB317D-689C-E1ED-2563-64B01E0E9A43}.Debug|Any CPU.Build.0 = Debug|Any CPU
		{71DB317D-689C-E1ED-2563-64B01E0E9A43}.Release|Any CPU.ActiveCfg = Release|Any CPU
		{71DB317D-689C-E1ED-2563-64B01E0E9A43}.Release|Any CPU.Build.0 = Release|Any CPU
	EndGlobalSection
	GlobalSection(SolutionProperties) = preSolution
		HideSolutionNode = FALSE
	EndGlobalSection
EndGlobal
