Microsoft Visual Studio Solution File, Format Version 11.00
# Visual Studio 2008

Project("{D3387ABE-A24E-0767-4C2D-F9CCD2182BEE}") = "Last Hope Prototype", "Assembly-CSharp-firstpass.csproj", "{96F33449-3C42-2FD6-BE50-0F7F7719D122}"
EndProject
Project("{D3387ABE-A24E-0767-4C2D-F9CCD2182BEE}") = "Last Hope Prototype", "Assembly-CSharp.csproj", "{19721A37-EA33-7D04-9A4D-B4F31374B2D1}"
EndProject
Project("{D3387ABE-A24E-0767-4C2D-F9CCD2182BEE}") = "Last Hope Prototype", "Assembly-CSharp-Editor-firstpass.csproj", "{A8C3C500-674F-D20D-4D61-81555CAA8A9E}"
EndProject
Global
	GlobalSection(SolutionConfigurationPlatforms) = preSolution
		Debug|Any CPU = Debug|Any CPU
		Release|Any CPU = Release|Any CPU
	EndGlobalSection
	GlobalSection(ProjectConfigurationPlatforms) = postSolution
		{96F33449-3C42-2FD6-BE50-0F7F7719D122}.Debug|Any CPU.ActiveCfg = Debug|Any CPU
		{96F33449-3C42-2FD6-BE50-0F7F7719D122}.Debug|Any CPU.Build.0 = Debug|Any CPU
		{96F33449-3C42-2FD6-BE50-0F7F7719D122}.Release|Any CPU.ActiveCfg = Release|Any CPU
		{96F33449-3C42-2FD6-BE50-0F7F7719D122}.Release|Any CPU.Build.0 = Release|Any CPU
		{19721A37-EA33-7D04-9A4D-B4F31374B2D1}.Debug|Any CPU.ActiveCfg = Debug|Any CPU
		{19721A37-EA33-7D04-9A4D-B4F31374B2D1}.Debug|Any CPU.Build.0 = Debug|Any CPU
		{19721A37-EA33-7D04-9A4D-B4F31374B2D1}.Release|Any CPU.ActiveCfg = Release|Any CPU
		{19721A37-EA33-7D04-9A4D-B4F31374B2D1}.Release|Any CPU.Build.0 = Release|Any CPU
		{A8C3C500-674F-D20D-4D61-81555CAA8A9E}.Debug|Any CPU.ActiveCfg = Debug|Any CPU
		{A8C3C500-674F-D20D-4D61-81555CAA8A9E}.Debug|Any CPU.Build.0 = Debug|Any CPU
		{A8C3C500-674F-D20D-4D61-81555CAA8A9E}.Release|Any CPU.ActiveCfg = Release|Any CPU
		{A8C3C500-674F-D20D-4D61-81555CAA8A9E}.Release|Any CPU.Build.0 = Release|Any CPU
	EndGlobalSection
	GlobalSection(SolutionProperties) = preSolution
		HideSolutionNode = FALSE
	EndGlobalSection
	GlobalSection(MonoDevelopProperties) = preSolution
		StartupItem = Assembly-CSharp.csproj
	EndGlobalSection
EndGlobal
